// !$*UTF8*$!
{
	archiveVersion = 1;
	classes = {
	};
	objectVersion = 46;
	objects = {

/* Begin PBXBuildFile section */
		A59B4177A135C1C4576FC218 /* Pods_Votr.framework in Frameworks */ = {isa = PBXBuildFile; fileRef = 3CF0C26929519E32FD41DA5B /* Pods_Votr.framework */; };
		B3D578EE1D864E0B001845C7 /* main.m in Sources */ = {isa = PBXBuildFile; fileRef = B3D578ED1D864E0B001845C7 /* main.m */; };
		B3D578F11D864E0B001845C7 /* AppDelegate.m in Sources */ = {isa = PBXBuildFile; fileRef = B3D578F01D864E0B001845C7 /* AppDelegate.m */; };
		B3D578F71D864E0B001845C7 /* Main.storyboard in Resources */ = {isa = PBXBuildFile; fileRef = B3D578F51D864E0B001845C7 /* Main.storyboard */; };
		B3D578FC1D864E0B001845C7 /* Assets.xcassets in Resources */ = {isa = PBXBuildFile; fileRef = B3D578FB1D864E0B001845C7 /* Assets.xcassets */; };
		B3D578FF1D864E0B001845C7 /* LaunchScreen.storyboard in Resources */ = {isa = PBXBuildFile; fileRef = B3D578FD1D864E0B001845C7 /* LaunchScreen.storyboard */; };
		E458F5B11DC9DEBF0008C0AF /* Parse.framework in Frameworks */ = {isa = PBXBuildFile; fileRef = E458F5B01DC9DEBF0008C0AF /* Parse.framework */; };
		E458F5B31DC9DFA90008C0AF /* AVFoundation.framework in Frameworks */ = {isa = PBXBuildFile; fileRef = E458F5B21DC9DFA90008C0AF /* AVFoundation.framework */; };
		E458F5B51DC9DFB70008C0AF /* libz.tbd in Frameworks */ = {isa = PBXBuildFile; fileRef = E458F5B41DC9DFB70008C0AF /* libz.tbd */; };
		E458F5B71DC9DFD40008C0AF /* CFNetwork.framework in Frameworks */ = {isa = PBXBuildFile; fileRef = E458F5B61DC9DFD40008C0AF /* CFNetwork.framework */; };
		E458F5BB1DCAD6670008C0AF /* ParseFacebookUtilsV4.framework in Frameworks */ = {isa = PBXBuildFile; fileRef = E458F5BA1DCAD6670008C0AF /* ParseFacebookUtilsV4.framework */; };
		E46D02791DB1DA9B003BCBFB /* Bolts.framework in Frameworks */ = {isa = PBXBuildFile; fileRef = E46D02761DB1DA9B003BCBFB /* Bolts.framework */; };
		E46D027A1DB1DA9B003BCBFB /* FBSDKCoreKit.framework in Frameworks */ = {isa = PBXBuildFile; fileRef = E46D02771DB1DA9B003BCBFB /* FBSDKCoreKit.framework */; };
		E46D027B1DB1DA9B003BCBFB /* FBSDKLoginKit.framework in Frameworks */ = {isa = PBXBuildFile; fileRef = E46D02781DB1DA9B003BCBFB /* FBSDKLoginKit.framework */; };
		E46D027D1DB1DE51003BCBFB /* QuartzCore.framework in Frameworks */ = {isa = PBXBuildFile; fileRef = E46D027C1DB1DE51003BCBFB /* QuartzCore.framework */; };
		E46D027F1DB1DE5A003BCBFB /* Accounts.framework in Frameworks */ = {isa = PBXBuildFile; fileRef = E46D027E1DB1DE5A003BCBFB /* Accounts.framework */; };
		E46D02831DB1F8BF003BCBFB /* CoreGraphics.framework in Frameworks */ = {isa = PBXBuildFile; fileRef = E46D02821DB1F8BF003BCBFB /* CoreGraphics.framework */; };
		E46D02851DB1F8C5003BCBFB /* CoreLocation.framework in Frameworks */ = {isa = PBXBuildFile; fileRef = E46D02841DB1F8C5003BCBFB /* CoreLocation.framework */; };
		E46D02871DB1F8D9003BCBFB /* libsqlite3.tbd in Frameworks */ = {isa = PBXBuildFile; fileRef = E46D02861DB1F8D9003BCBFB /* libsqlite3.tbd */; };
		E46D02891DB1F8EC003BCBFB /* MobileCoreServices.framework in Frameworks */ = {isa = PBXBuildFile; fileRef = E46D02881DB1F8EC003BCBFB /* MobileCoreServices.framework */; };
		E46D028B1DB1F8FE003BCBFB /* Security.framework in Frameworks */ = {isa = PBXBuildFile; fileRef = E46D028A1DB1F8FE003BCBFB /* Security.framework */; };
		E46D028D1DB1F90F003BCBFB /* Social.framework in Frameworks */ = {isa = PBXBuildFile; fileRef = E46D028C1DB1F90F003BCBFB /* Social.framework */; };
		E46D028F1DB1F917003BCBFB /* SystemConfiguration.framework in Frameworks */ = {isa = PBXBuildFile; fileRef = E46D028E1DB1F917003BCBFB /* SystemConfiguration.framework */; };
		E46D02911DB1F928003BCBFB /* WebKit.framework in Frameworks */ = {isa = PBXBuildFile; fileRef = E46D02901DB1F928003BCBFB /* WebKit.framework */; };
		E5055BA61E1E1280008C05B2 /* Branding.plist in Resources */ = {isa = PBXBuildFile; fileRef = E5055BA51E1E1280008C05B2 /* Branding.plist */; };
		E5055BA91E1E128A008C05B2 /* Branding.m in Sources */ = {isa = PBXBuildFile; fileRef = E5055BA81E1E128A008C05B2 /* Branding.m */; };
		E5055BB71E1E12B7008C05B2 /* BRBaseXibView.m in Sources */ = {isa = PBXBuildFile; fileRef = E5055BAC1E1E12B7008C05B2 /* BRBaseXibView.m */; };
		E5055BB81E1E12B7008C05B2 /* BRButton.m in Sources */ = {isa = PBXBuildFile; fileRef = E5055BAE1E1E12B7008C05B2 /* BRButton.m */; };
		E5055BB91E1E12B7008C05B2 /* BRImageView.m in Sources */ = {isa = PBXBuildFile; fileRef = E5055BB01E1E12B7008C05B2 /* BRImageView.m */; };
		E5055BBA1E1E12B7008C05B2 /* BRLabel.m in Sources */ = {isa = PBXBuildFile; fileRef = E5055BB21E1E12B7008C05B2 /* BRLabel.m */; };
		E5055BBB1E1E12B7008C05B2 /* BRTextField.m in Sources */ = {isa = PBXBuildFile; fileRef = E5055BB41E1E12B7008C05B2 /* BRTextField.m */; };
		E5055BBC1E1E12B7008C05B2 /* BRView.m in Sources */ = {isa = PBXBuildFile; fileRef = E5055BB61E1E12B7008C05B2 /* BRView.m */; };
		E5055BC51E1E13AE008C05B2 /* BaseTableViewController.m in Sources */ = {isa = PBXBuildFile; fileRef = E5055BBE1E1E13AE008C05B2 /* BaseTableViewController.m */; };
		E5055BC61E1E13AE008C05B2 /* BaseViewController.m in Sources */ = {isa = PBXBuildFile; fileRef = E5055BC01E1E13AE008C05B2 /* BaseViewController.m */; };
		E5055BC71E1E13AE008C05B2 /* BaseTabBarController.m in Sources */ = {isa = PBXBuildFile; fileRef = E5055BC21E1E13AE008C05B2 /* BaseTabBarController.m */; };
		E5055BC81E1E13AE008C05B2 /* BaseTableViewCell.m in Sources */ = {isa = PBXBuildFile; fileRef = E5055BC41E1E13AE008C05B2 /* BaseTableViewCell.m */; };
		E5055BCC1E1E1410008C05B2 /* UIImage+Overlay.m in Sources */ = {isa = PBXBuildFile; fileRef = E5055BCB1E1E1410008C05B2 /* UIImage+Overlay.m */; };
		E5055BCF1E1E1639008C05B2 /* BRGradientView.m in Sources */ = {isa = PBXBuildFile; fileRef = E5055BCE1E1E1639008C05B2 /* BRGradientView.m */; };
		E5538F431E205918008EDBEA /* AuthLandingViewController.m in Sources */ = {isa = PBXBuildFile; fileRef = E5538F421E205918008EDBEA /* AuthLandingViewController.m */; };
		E57BCF971E217ECE004BD060 /* DataManager+Analytics.m in Sources */ = {isa = PBXBuildFile; fileRef = E57BCF961E217ECE004BD060 /* DataManager+Analytics.m */; };
		E57BCFBA1E223B09004BD060 /* DataManager+Topics.m in Sources */ = {isa = PBXBuildFile; fileRef = E57BCFB91E223B09004BD060 /* DataManager+Topics.m */; };
		E57BCFBD1E224249004BD060 /* BaseCollectionViewController.m in Sources */ = {isa = PBXBuildFile; fileRef = E57BCFBC1E224249004BD060 /* BaseCollectionViewController.m */; };
		E57BCFC01E224648004BD060 /* AuthTopicViewController.m in Sources */ = {isa = PBXBuildFile; fileRef = E57BCFBF1E224648004BD060 /* AuthTopicViewController.m */; };
		E57BCFC31E2246B4004BD060 /* BaseDataObject.m in Sources */ = {isa = PBXBuildFile; fileRef = E57BCFC21E2246B4004BD060 /* BaseDataObject.m */; };
		E57BCFC61E2246FB004BD060 /* VTRTopic.m in Sources */ = {isa = PBXBuildFile; fileRef = E57BCFC51E2246FB004BD060 /* VTRTopic.m */; };
		E57BCFC91E224D0D004BD060 /* BaseCollectionViewCell.m in Sources */ = {isa = PBXBuildFile; fileRef = E57BCFC81E224D0D004BD060 /* BaseCollectionViewCell.m */; };
		E5819CCB1E2261A700337D38 /* DataManager+User.m in Sources */ = {isa = PBXBuildFile; fileRef = E5819CCA1E2261A700337D38 /* DataManager+User.m */; };
		E5819CCE1E229B7C00337D38 /* BRSelectionImageView.m in Sources */ = {isa = PBXBuildFile; fileRef = E5819CCD1E229B7C00337D38 /* BRSelectionImageView.m */; };
		E5819CD11E229D5300337D38 /* UIView+constraints.m in Sources */ = {isa = PBXBuildFile; fileRef = E5819CD01E229D5300337D38 /* UIView+constraints.m */; };
		E5ACC22D1E1FBA2E00C52183 /* GoogleService-Info.plist in Resources */ = {isa = PBXBuildFile; fileRef = E5ACC22C1E1FBA2E00C52183 /* GoogleService-Info.plist */; };
		E5ACC2301E1FBCA400C52183 /* DataManager.m in Sources */ = {isa = PBXBuildFile; fileRef = E5ACC22F1E1FBCA400C52183 /* DataManager.m */; };
		E5ACC2321E1FBDE900C52183 /* Auth.storyboard in Resources */ = {isa = PBXBuildFile; fileRef = E5ACC2311E1FBDE900C52183 /* Auth.storyboard */; };
		E5CDC4F01E214F1C00287719 /* BRAlertView.m in Sources */ = {isa = PBXBuildFile; fileRef = E5CDC4EF1E214F1C00287719 /* BRAlertView.m */; };
/* End PBXBuildFile section */

/* Begin PBXFileReference section */
		3CF0C26929519E32FD41DA5B /* Pods_Votr.framework */ = {isa = PBXFileReference; explicitFileType = wrapper.framework; includeInIndex = 0; path = Pods_Votr.framework; sourceTree = BUILT_PRODUCTS_DIR; };
		991458384AE456F4C069FEBD /* Pods-Votr.debug.xcconfig */ = {isa = PBXFileReference; includeInIndex = 1; lastKnownFileType = text.xcconfig; name = "Pods-Votr.debug.xcconfig"; path = "Pods/Target Support Files/Pods-Votr/Pods-Votr.debug.xcconfig"; sourceTree = "<group>"; };
		B3D578E91D864E0B001845C7 /* Votr.app */ = {isa = PBXFileReference; explicitFileType = wrapper.application; includeInIndex = 0; path = Votr.app; sourceTree = BUILT_PRODUCTS_DIR; };
		B3D578ED1D864E0B001845C7 /* main.m */ = {isa = PBXFileReference; lastKnownFileType = sourcecode.c.objc; path = main.m; sourceTree = "<group>"; };
		B3D578EF1D864E0B001845C7 /* AppDelegate.h */ = {isa = PBXFileReference; lastKnownFileType = sourcecode.c.h; path = AppDelegate.h; sourceTree = "<group>"; };
		B3D578F01D864E0B001845C7 /* AppDelegate.m */ = {isa = PBXFileReference; lastKnownFileType = sourcecode.c.objc; path = AppDelegate.m; sourceTree = "<group>"; };
		B3D578F61D864E0B001845C7 /* Base */ = {isa = PBXFileReference; lastKnownFileType = file.storyboard; name = Base; path = Base.lproj/Main.storyboard; sourceTree = "<group>"; };
		B3D578FB1D864E0B001845C7 /* Assets.xcassets */ = {isa = PBXFileReference; lastKnownFileType = folder.assetcatalog; path = Assets.xcassets; sourceTree = "<group>"; };
		B3D578FE1D864E0B001845C7 /* Base */ = {isa = PBXFileReference; lastKnownFileType = file.storyboard; name = Base; path = Base.lproj/LaunchScreen.storyboard; sourceTree = "<group>"; };
		B3D579001D864E0B001845C7 /* Info.plist */ = {isa = PBXFileReference; lastKnownFileType = text.plist.xml; path = Info.plist; sourceTree = "<group>"; };
		E458F5B01DC9DEBF0008C0AF /* Parse.framework */ = {isa = PBXFileReference; lastKnownFileType = wrapper.framework; name = Parse.framework; path = Votr/Frameworks/Parse.framework; sourceTree = "<group>"; };
		E458F5B21DC9DFA90008C0AF /* AVFoundation.framework */ = {isa = PBXFileReference; lastKnownFileType = wrapper.framework; name = AVFoundation.framework; path = System/Library/Frameworks/AVFoundation.framework; sourceTree = SDKROOT; };
		E458F5B41DC9DFB70008C0AF /* libz.tbd */ = {isa = PBXFileReference; lastKnownFileType = "sourcecode.text-based-dylib-definition"; name = libz.tbd; path = usr/lib/libz.tbd; sourceTree = SDKROOT; };
		E458F5B61DC9DFD40008C0AF /* CFNetwork.framework */ = {isa = PBXFileReference; lastKnownFileType = wrapper.framework; name = CFNetwork.framework; path = System/Library/Frameworks/CFNetwork.framework; sourceTree = SDKROOT; };
		E458F5BA1DCAD6670008C0AF /* ParseFacebookUtilsV4.framework */ = {isa = PBXFileReference; lastKnownFileType = wrapper.framework; name = ParseFacebookUtilsV4.framework; path = Votr/Frameworks/ParseFacebookUtilsV4.framework; sourceTree = "<group>"; };
		E46D02761DB1DA9B003BCBFB /* Bolts.framework */ = {isa = PBXFileReference; lastKnownFileType = wrapper.framework; name = Bolts.framework; path = Votr/Frameworks/Bolts.framework; sourceTree = "<group>"; };
		E46D02771DB1DA9B003BCBFB /* FBSDKCoreKit.framework */ = {isa = PBXFileReference; lastKnownFileType = wrapper.framework; name = FBSDKCoreKit.framework; path = Votr/Frameworks/FBSDKCoreKit.framework; sourceTree = "<group>"; };
		E46D02781DB1DA9B003BCBFB /* FBSDKLoginKit.framework */ = {isa = PBXFileReference; lastKnownFileType = wrapper.framework; name = FBSDKLoginKit.framework; path = Votr/Frameworks/FBSDKLoginKit.framework; sourceTree = "<group>"; };
		E46D027C1DB1DE51003BCBFB /* QuartzCore.framework */ = {isa = PBXFileReference; lastKnownFileType = wrapper.framework; name = QuartzCore.framework; path = System/Library/Frameworks/QuartzCore.framework; sourceTree = SDKROOT; };
		E46D027E1DB1DE5A003BCBFB /* Accounts.framework */ = {isa = PBXFileReference; lastKnownFileType = wrapper.framework; name = Accounts.framework; path = System/Library/Frameworks/Accounts.framework; sourceTree = SDKROOT; };
		E46D02821DB1F8BF003BCBFB /* CoreGraphics.framework */ = {isa = PBXFileReference; lastKnownFileType = wrapper.framework; name = CoreGraphics.framework; path = System/Library/Frameworks/CoreGraphics.framework; sourceTree = SDKROOT; };
		E46D02841DB1F8C5003BCBFB /* CoreLocation.framework */ = {isa = PBXFileReference; lastKnownFileType = wrapper.framework; name = CoreLocation.framework; path = System/Library/Frameworks/CoreLocation.framework; sourceTree = SDKROOT; };
		E46D02861DB1F8D9003BCBFB /* libsqlite3.tbd */ = {isa = PBXFileReference; lastKnownFileType = "sourcecode.text-based-dylib-definition"; name = libsqlite3.tbd; path = usr/lib/libsqlite3.tbd; sourceTree = SDKROOT; };
		E46D02881DB1F8EC003BCBFB /* MobileCoreServices.framework */ = {isa = PBXFileReference; lastKnownFileType = wrapper.framework; name = MobileCoreServices.framework; path = System/Library/Frameworks/MobileCoreServices.framework; sourceTree = SDKROOT; };
		E46D028A1DB1F8FE003BCBFB /* Security.framework */ = {isa = PBXFileReference; lastKnownFileType = wrapper.framework; name = Security.framework; path = System/Library/Frameworks/Security.framework; sourceTree = SDKROOT; };
		E46D028C1DB1F90F003BCBFB /* Social.framework */ = {isa = PBXFileReference; lastKnownFileType = wrapper.framework; name = Social.framework; path = System/Library/Frameworks/Social.framework; sourceTree = SDKROOT; };
		E46D028E1DB1F917003BCBFB /* SystemConfiguration.framework */ = {isa = PBXFileReference; lastKnownFileType = wrapper.framework; name = SystemConfiguration.framework; path = System/Library/Frameworks/SystemConfiguration.framework; sourceTree = SDKROOT; };
		E46D02901DB1F928003BCBFB /* WebKit.framework */ = {isa = PBXFileReference; lastKnownFileType = wrapper.framework; name = WebKit.framework; path = System/Library/Frameworks/WebKit.framework; sourceTree = SDKROOT; };
		E4B9DF3C1D940F7800726D0E /* AppDefine.h */ = {isa = PBXFileReference; lastKnownFileType = sourcecode.c.h; path = AppDefine.h; sourceTree = "<group>"; };
		E4DCAEC41D8C18E9005C54EE /* Votr-PrefixHeader.pch */ = {isa = PBXFileReference; lastKnownFileType = sourcecode.c.h; path = "Votr-PrefixHeader.pch"; sourceTree = "<group>"; };
		E5055BA51E1E1280008C05B2 /* Branding.plist */ = {isa = PBXFileReference; fileEncoding = 4; lastKnownFileType = text.plist.xml; path = Branding.plist; sourceTree = "<group>"; };
		E5055BA71E1E128A008C05B2 /* Branding.h */ = {isa = PBXFileReference; fileEncoding = 4; lastKnownFileType = sourcecode.c.h; path = Branding.h; sourceTree = "<group>"; };
		E5055BA81E1E128A008C05B2 /* Branding.m */ = {isa = PBXFileReference; fileEncoding = 4; lastKnownFileType = sourcecode.c.objc; path = Branding.m; sourceTree = "<group>"; };
		E5055BAB1E1E12B7008C05B2 /* BRBaseXibView.h */ = {isa = PBXFileReference; fileEncoding = 4; lastKnownFileType = sourcecode.c.h; path = BRBaseXibView.h; sourceTree = "<group>"; };
		E5055BAC1E1E12B7008C05B2 /* BRBaseXibView.m */ = {isa = PBXFileReference; fileEncoding = 4; lastKnownFileType = sourcecode.c.objc; path = BRBaseXibView.m; sourceTree = "<group>"; };
		E5055BAD1E1E12B7008C05B2 /* BRButton.h */ = {isa = PBXFileReference; fileEncoding = 4; lastKnownFileType = sourcecode.c.h; path = BRButton.h; sourceTree = "<group>"; };
		E5055BAE1E1E12B7008C05B2 /* BRButton.m */ = {isa = PBXFileReference; fileEncoding = 4; lastKnownFileType = sourcecode.c.objc; path = BRButton.m; sourceTree = "<group>"; };
		E5055BAF1E1E12B7008C05B2 /* BRImageView.h */ = {isa = PBXFileReference; fileEncoding = 4; lastKnownFileType = sourcecode.c.h; path = BRImageView.h; sourceTree = "<group>"; };
		E5055BB01E1E12B7008C05B2 /* BRImageView.m */ = {isa = PBXFileReference; fileEncoding = 4; lastKnownFileType = sourcecode.c.objc; path = BRImageView.m; sourceTree = "<group>"; };
		E5055BB11E1E12B7008C05B2 /* BRLabel.h */ = {isa = PBXFileReference; fileEncoding = 4; lastKnownFileType = sourcecode.c.h; path = BRLabel.h; sourceTree = "<group>"; };
		E5055BB21E1E12B7008C05B2 /* BRLabel.m */ = {isa = PBXFileReference; fileEncoding = 4; lastKnownFileType = sourcecode.c.objc; path = BRLabel.m; sourceTree = "<group>"; };
		E5055BB31E1E12B7008C05B2 /* BRTextField.h */ = {isa = PBXFileReference; fileEncoding = 4; lastKnownFileType = sourcecode.c.h; path = BRTextField.h; sourceTree = "<group>"; };
		E5055BB41E1E12B7008C05B2 /* BRTextField.m */ = {isa = PBXFileReference; fileEncoding = 4; lastKnownFileType = sourcecode.c.objc; path = BRTextField.m; sourceTree = "<group>"; };
		E5055BB51E1E12B7008C05B2 /* BRView.h */ = {isa = PBXFileReference; fileEncoding = 4; lastKnownFileType = sourcecode.c.h; path = BRView.h; sourceTree = "<group>"; };
		E5055BB61E1E12B7008C05B2 /* BRView.m */ = {isa = PBXFileReference; fileEncoding = 4; lastKnownFileType = sourcecode.c.objc; path = BRView.m; sourceTree = "<group>"; };
		E5055BBD1E1E13AE008C05B2 /* BaseTableViewController.h */ = {isa = PBXFileReference; fileEncoding = 4; lastKnownFileType = sourcecode.c.h; path = BaseTableViewController.h; sourceTree = "<group>"; };
		E5055BBE1E1E13AE008C05B2 /* BaseTableViewController.m */ = {isa = PBXFileReference; fileEncoding = 4; lastKnownFileType = sourcecode.c.objc; path = BaseTableViewController.m; sourceTree = "<group>"; };
		E5055BBF1E1E13AE008C05B2 /* BaseViewController.h */ = {isa = PBXFileReference; fileEncoding = 4; lastKnownFileType = sourcecode.c.h; path = BaseViewController.h; sourceTree = "<group>"; };
		E5055BC01E1E13AE008C05B2 /* BaseViewController.m */ = {isa = PBXFileReference; fileEncoding = 4; lastKnownFileType = sourcecode.c.objc; path = BaseViewController.m; sourceTree = "<group>"; };
		E5055BC11E1E13AE008C05B2 /* BaseTabBarController.h */ = {isa = PBXFileReference; fileEncoding = 4; lastKnownFileType = sourcecode.c.h; path = BaseTabBarController.h; sourceTree = "<group>"; };
		E5055BC21E1E13AE008C05B2 /* BaseTabBarController.m */ = {isa = PBXFileReference; fileEncoding = 4; lastKnownFileType = sourcecode.c.objc; path = BaseTabBarController.m; sourceTree = "<group>"; };
		E5055BC31E1E13AE008C05B2 /* BaseTableViewCell.h */ = {isa = PBXFileReference; fileEncoding = 4; lastKnownFileType = sourcecode.c.h; path = BaseTableViewCell.h; sourceTree = "<group>"; };
		E5055BC41E1E13AE008C05B2 /* BaseTableViewCell.m */ = {isa = PBXFileReference; fileEncoding = 4; lastKnownFileType = sourcecode.c.objc; path = BaseTableViewCell.m; sourceTree = "<group>"; };
		E5055BCA1E1E1410008C05B2 /* UIImage+Overlay.h */ = {isa = PBXFileReference; fileEncoding = 4; lastKnownFileType = sourcecode.c.h; path = "UIImage+Overlay.h"; sourceTree = "<group>"; };
		E5055BCB1E1E1410008C05B2 /* UIImage+Overlay.m */ = {isa = PBXFileReference; fileEncoding = 4; lastKnownFileType = sourcecode.c.objc; path = "UIImage+Overlay.m"; sourceTree = "<group>"; };
		E5055BCD1E1E1639008C05B2 /* BRGradientView.h */ = {isa = PBXFileReference; fileEncoding = 4; lastKnownFileType = sourcecode.c.h; path = BRGradientView.h; sourceTree = "<group>"; };
		E5055BCE1E1E1639008C05B2 /* BRGradientView.m */ = {isa = PBXFileReference; fileEncoding = 4; lastKnownFileType = sourcecode.c.objc; path = BRGradientView.m; sourceTree = "<group>"; };
		E5538F411E205918008EDBEA /* AuthLandingViewController.h */ = {isa = PBXFileReference; fileEncoding = 4; lastKnownFileType = sourcecode.c.h; path = AuthLandingViewController.h; sourceTree = "<group>"; };
		E5538F421E205918008EDBEA /* AuthLandingViewController.m */ = {isa = PBXFileReference; fileEncoding = 4; lastKnownFileType = sourcecode.c.objc; path = AuthLandingViewController.m; sourceTree = "<group>"; };
		E57BCF951E217ECE004BD060 /* DataManager+Analytics.h */ = {isa = PBXFileReference; fileEncoding = 4; lastKnownFileType = sourcecode.c.h; path = "DataManager+Analytics.h"; sourceTree = "<group>"; };
		E57BCF961E217ECE004BD060 /* DataManager+Analytics.m */ = {isa = PBXFileReference; fileEncoding = 4; lastKnownFileType = sourcecode.c.objc; path = "DataManager+Analytics.m"; sourceTree = "<group>"; };
		E57BCFB81E223B09004BD060 /* DataManager+Topics.h */ = {isa = PBXFileReference; fileEncoding = 4; lastKnownFileType = sourcecode.c.h; path = "DataManager+Topics.h"; sourceTree = "<group>"; };
		E57BCFB91E223B09004BD060 /* DataManager+Topics.m */ = {isa = PBXFileReference; fileEncoding = 4; lastKnownFileType = sourcecode.c.objc; path = "DataManager+Topics.m"; sourceTree = "<group>"; };
		E57BCFBB1E224249004BD060 /* BaseCollectionViewController.h */ = {isa = PBXFileReference; fileEncoding = 4; lastKnownFileType = sourcecode.c.h; path = BaseCollectionViewController.h; sourceTree = "<group>"; };
		E57BCFBC1E224249004BD060 /* BaseCollectionViewController.m */ = {isa = PBXFileReference; fileEncoding = 4; lastKnownFileType = sourcecode.c.objc; path = BaseCollectionViewController.m; sourceTree = "<group>"; };
		E57BCFBE1E224648004BD060 /* AuthTopicViewController.h */ = {isa = PBXFileReference; fileEncoding = 4; lastKnownFileType = sourcecode.c.h; path = AuthTopicViewController.h; sourceTree = "<group>"; };
		E57BCFBF1E224648004BD060 /* AuthTopicViewController.m */ = {isa = PBXFileReference; fileEncoding = 4; lastKnownFileType = sourcecode.c.objc; path = AuthTopicViewController.m; sourceTree = "<group>"; };
		E57BCFC11E2246B4004BD060 /* BaseDataObject.h */ = {isa = PBXFileReference; fileEncoding = 4; lastKnownFileType = sourcecode.c.h; path = BaseDataObject.h; sourceTree = "<group>"; };
		E57BCFC21E2246B4004BD060 /* BaseDataObject.m */ = {isa = PBXFileReference; fileEncoding = 4; lastKnownFileType = sourcecode.c.objc; path = BaseDataObject.m; sourceTree = "<group>"; };
		E57BCFC41E2246FB004BD060 /* VTRTopic.h */ = {isa = PBXFileReference; fileEncoding = 4; lastKnownFileType = sourcecode.c.h; path = VTRTopic.h; sourceTree = "<group>"; };
		E57BCFC51E2246FB004BD060 /* VTRTopic.m */ = {isa = PBXFileReference; fileEncoding = 4; lastKnownFileType = sourcecode.c.objc; path = VTRTopic.m; sourceTree = "<group>"; };
		E57BCFC71E224D0D004BD060 /* BaseCollectionViewCell.h */ = {isa = PBXFileReference; fileEncoding = 4; lastKnownFileType = sourcecode.c.h; path = BaseCollectionViewCell.h; sourceTree = "<group>"; };
		E57BCFC81E224D0D004BD060 /* BaseCollectionViewCell.m */ = {isa = PBXFileReference; fileEncoding = 4; lastKnownFileType = sourcecode.c.objc; path = BaseCollectionViewCell.m; sourceTree = "<group>"; };
		E5819CC91E2261A700337D38 /* DataManager+User.h */ = {isa = PBXFileReference; fileEncoding = 4; lastKnownFileType = sourcecode.c.h; path = "DataManager+User.h"; sourceTree = "<group>"; };
		E5819CCA1E2261A700337D38 /* DataManager+User.m */ = {isa = PBXFileReference; fileEncoding = 4; lastKnownFileType = sourcecode.c.objc; path = "DataManager+User.m"; sourceTree = "<group>"; };
		E5819CCC1E229B7C00337D38 /* BRSelectionImageView.h */ = {isa = PBXFileReference; fileEncoding = 4; lastKnownFileType = sourcecode.c.h; path = BRSelectionImageView.h; sourceTree = "<group>"; };
		E5819CCD1E229B7C00337D38 /* BRSelectionImageView.m */ = {isa = PBXFileReference; fileEncoding = 4; lastKnownFileType = sourcecode.c.objc; path = BRSelectionImageView.m; sourceTree = "<group>"; };
		E5819CCF1E229D5300337D38 /* UIView+constraints.h */ = {isa = PBXFileReference; fileEncoding = 4; lastKnownFileType = sourcecode.c.h; path = "UIView+constraints.h"; sourceTree = "<group>"; };
		E5819CD01E229D5300337D38 /* UIView+constraints.m */ = {isa = PBXFileReference; fileEncoding = 4; lastKnownFileType = sourcecode.c.objc; path = "UIView+constraints.m"; sourceTree = "<group>"; };
		E5ACC22C1E1FBA2E00C52183 /* GoogleService-Info.plist */ = {isa = PBXFileReference; fileEncoding = 4; lastKnownFileType = text.plist.xml; path = "GoogleService-Info.plist"; sourceTree = "<group>"; };
		E5ACC22E1E1FBCA400C52183 /* DataManager.h */ = {isa = PBXFileReference; fileEncoding = 4; lastKnownFileType = sourcecode.c.h; path = DataManager.h; sourceTree = "<group>"; };
		E5ACC22F1E1FBCA400C52183 /* DataManager.m */ = {isa = PBXFileReference; fileEncoding = 4; lastKnownFileType = sourcecode.c.objc; path = DataManager.m; sourceTree = "<group>"; };
		E5ACC2311E1FBDE900C52183 /* Auth.storyboard */ = {isa = PBXFileReference; fileEncoding = 4; lastKnownFileType = file.storyboard; path = Auth.storyboard; sourceTree = "<group>"; };
		E5CDC4ED1E206B2D00287719 /* Votr.entitlements */ = {isa = PBXFileReference; lastKnownFileType = text.plist.entitlements; path = Votr.entitlements; sourceTree = "<group>"; };
		E5CDC4EE1E214F1C00287719 /* BRAlertView.h */ = {isa = PBXFileReference; fileEncoding = 4; lastKnownFileType = sourcecode.c.h; path = BRAlertView.h; sourceTree = "<group>"; };
		E5CDC4EF1E214F1C00287719 /* BRAlertView.m */ = {isa = PBXFileReference; fileEncoding = 4; lastKnownFileType = sourcecode.c.objc; path = BRAlertView.m; sourceTree = "<group>"; };
		ED4E2D69E8FBC17E2B4FEDB6 /* Pods-Votr.release.xcconfig */ = {isa = PBXFileReference; includeInIndex = 1; lastKnownFileType = text.xcconfig; name = "Pods-Votr.release.xcconfig"; path = "Pods/Target Support Files/Pods-Votr/Pods-Votr.release.xcconfig"; sourceTree = "<group>"; };
/* End PBXFileReference section */

/* Begin PBXFrameworksBuildPhase section */
		B3D578E61D864E0A001845C7 /* Frameworks */ = {
			isa = PBXFrameworksBuildPhase;
			buildActionMask = 2147483647;
			files = (
				E458F5B71DC9DFD40008C0AF /* CFNetwork.framework in Frameworks */,
				E458F5B51DC9DFB70008C0AF /* libz.tbd in Frameworks */,
				E458F5B31DC9DFA90008C0AF /* AVFoundation.framework in Frameworks */,
				E46D02911DB1F928003BCBFB /* WebKit.framework in Frameworks */,
				E46D028F1DB1F917003BCBFB /* SystemConfiguration.framework in Frameworks */,
				E46D028D1DB1F90F003BCBFB /* Social.framework in Frameworks */,
				E46D028B1DB1F8FE003BCBFB /* Security.framework in Frameworks */,
				E458F5B11DC9DEBF0008C0AF /* Parse.framework in Frameworks */,
				E46D02891DB1F8EC003BCBFB /* MobileCoreServices.framework in Frameworks */,
				E46D02871DB1F8D9003BCBFB /* libsqlite3.tbd in Frameworks */,
				E46D02851DB1F8C5003BCBFB /* CoreLocation.framework in Frameworks */,
				E46D02831DB1F8BF003BCBFB /* CoreGraphics.framework in Frameworks */,
				E46D027F1DB1DE5A003BCBFB /* Accounts.framework in Frameworks */,
				E46D027D1DB1DE51003BCBFB /* QuartzCore.framework in Frameworks */,
				E458F5BB1DCAD6670008C0AF /* ParseFacebookUtilsV4.framework in Frameworks */,
				E46D02791DB1DA9B003BCBFB /* Bolts.framework in Frameworks */,
				E46D027A1DB1DA9B003BCBFB /* FBSDKCoreKit.framework in Frameworks */,
				E46D027B1DB1DA9B003BCBFB /* FBSDKLoginKit.framework in Frameworks */,
				A59B4177A135C1C4576FC218 /* Pods_Votr.framework in Frameworks */,
			);
			runOnlyForDeploymentPostprocessing = 0;
		};
/* End PBXFrameworksBuildPhase section */

/* Begin PBXGroup section */
		642845B2F1E9DFFFE0F7E075 /* Pods */ = {
			isa = PBXGroup;
			children = (
				991458384AE456F4C069FEBD /* Pods-Votr.debug.xcconfig */,
				ED4E2D69E8FBC17E2B4FEDB6 /* Pods-Votr.release.xcconfig */,
			);
			name = Pods;
			sourceTree = "<group>";
		};
		B3D578E01D864E0A001845C7 = {
			isa = PBXGroup;
			children = (
				B3D578EB1D864E0B001845C7 /* Votr */,
				B3D578EA1D864E0B001845C7 /* Products */,
				E471D7381DB1D5F7000934D4 /* Frameworks */,
				642845B2F1E9DFFFE0F7E075 /* Pods */,
			);
			sourceTree = "<group>";
		};
		B3D578EA1D864E0B001845C7 /* Products */ = {
			isa = PBXGroup;
			children = (
				B3D578E91D864E0B001845C7 /* Votr.app */,
			);
			name = Products;
			sourceTree = "<group>";
		};
		B3D578EB1D864E0B001845C7 /* Votr */ = {
			isa = PBXGroup;
			children = (
				E5CDC4ED1E206B2D00287719 /* Votr.entitlements */,
				B3D578EF1D864E0B001845C7 /* AppDelegate.h */,
				B3D578F01D864E0B001845C7 /* AppDelegate.m */,
				E4B9DF3C1D940F7800726D0E /* AppDefine.h */,
				E5ACC2311E1FBDE900C52183 /* Auth.storyboard */,
				B3D578F51D864E0B001845C7 /* Main.storyboard */,
				B3D578FB1D864E0B001845C7 /* Assets.xcassets */,
				B3D578FD1D864E0B001845C7 /* LaunchScreen.storyboard */,
				B3D579001D864E0B001845C7 /* Info.plist */,
				E5055BA51E1E1280008C05B2 /* Branding.plist */,
				E5ACC22C1E1FBA2E00C52183 /* GoogleService-Info.plist */,
				E58FD9421E1D358C0063BF12 /* ViewControllers */,
				E58FD9401E1D358C0063BF12 /* BaseViewControllers */,
				E58FD9431E1D36520063BF12 /* Branding */,
				E58FD9411E1D358C0063BF12 /* DataManager */,
				E5055BC91E1E140A008C05B2 /* Categories */,
				B3D578EC1D864E0B001845C7 /* Supporting Files */,
				E4DCAEC41D8C18E9005C54EE /* Votr-PrefixHeader.pch */,
			);
			path = Votr;
			sourceTree = "<group>";
		};
		B3D578EC1D864E0B001845C7 /* Supporting Files */ = {
			isa = PBXGroup;
			children = (
				E4DCAEB71D8C17F3005C54EE /* Resources */,
				B3D578ED1D864E0B001845C7 /* main.m */,
			);
			name = "Supporting Files";
			sourceTree = "<group>";
		};
		E41BB3D21DF064AE001B0909 /* Topics */ = {
			isa = PBXGroup;
			children = (
			);
			name = Topics;
			path = Resources/Topics;
			sourceTree = "<group>";
		};
		E471D7381DB1D5F7000934D4 /* Frameworks */ = {
			isa = PBXGroup;
			children = (
				E458F5BA1DCAD6670008C0AF /* ParseFacebookUtilsV4.framework */,
				E458F5B61DC9DFD40008C0AF /* CFNetwork.framework */,
				E458F5B41DC9DFB70008C0AF /* libz.tbd */,
				E458F5B21DC9DFA90008C0AF /* AVFoundation.framework */,
				E458F5B01DC9DEBF0008C0AF /* Parse.framework */,
				E46D02901DB1F928003BCBFB /* WebKit.framework */,
				E46D028E1DB1F917003BCBFB /* SystemConfiguration.framework */,
				E46D028C1DB1F90F003BCBFB /* Social.framework */,
				E46D028A1DB1F8FE003BCBFB /* Security.framework */,
				E46D02881DB1F8EC003BCBFB /* MobileCoreServices.framework */,
				E46D02861DB1F8D9003BCBFB /* libsqlite3.tbd */,
				E46D02841DB1F8C5003BCBFB /* CoreLocation.framework */,
				E46D02821DB1F8BF003BCBFB /* CoreGraphics.framework */,
				E46D027E1DB1DE5A003BCBFB /* Accounts.framework */,
				E46D027C1DB1DE51003BCBFB /* QuartzCore.framework */,
				E46D02761DB1DA9B003BCBFB /* Bolts.framework */,
				E46D02771DB1DA9B003BCBFB /* FBSDKCoreKit.framework */,
				E46D02781DB1DA9B003BCBFB /* FBSDKLoginKit.framework */,
				3CF0C26929519E32FD41DA5B /* Pods_Votr.framework */,
			);
			name = Frameworks;
			sourceTree = "<group>";
		};
		E4DCAEB71D8C17F3005C54EE /* Resources */ = {
			isa = PBXGroup;
			children = (
				E41BB3D21DF064AE001B0909 /* Topics */,
			);
			name = Resources;
			sourceTree = "<group>";
		};
		E5055BAA1E1E1295008C05B2 /* Objects */ = {
			isa = PBXGroup;
			children = (
				E5819CCF1E229D5300337D38 /* UIView+constraints.h */,
				E5819CD01E229D5300337D38 /* UIView+constraints.m */,
				E5055BAB1E1E12B7008C05B2 /* BRBaseXibView.h */,
				E5055BAC1E1E12B7008C05B2 /* BRBaseXibView.m */,
				E5055BAD1E1E12B7008C05B2 /* BRButton.h */,
				E5055BAE1E1E12B7008C05B2 /* BRButton.m */,
				E5055BAF1E1E12B7008C05B2 /* BRImageView.h */,
				E5055BB01E1E12B7008C05B2 /* BRImageView.m */,
				E5055BB11E1E12B7008C05B2 /* BRLabel.h */,
				E5055BB21E1E12B7008C05B2 /* BRLabel.m */,
				E5055BB31E1E12B7008C05B2 /* BRTextField.h */,
				E5055BB41E1E12B7008C05B2 /* BRTextField.m */,
				E5055BB51E1E12B7008C05B2 /* BRView.h */,
				E5055BB61E1E12B7008C05B2 /* BRView.m */,
				E5055BCD1E1E1639008C05B2 /* BRGradientView.h */,
				E5055BCE1E1E1639008C05B2 /* BRGradientView.m */,
				E5CDC4EE1E214F1C00287719 /* BRAlertView.h */,
				E5CDC4EF1E214F1C00287719 /* BRAlertView.m */,
				E5819CCC1E229B7C00337D38 /* BRSelectionImageView.h */,
				E5819CCD1E229B7C00337D38 /* BRSelectionImageView.m */,
			);
			path = Objects;
			sourceTree = "<group>";
		};
		E5055BC91E1E140A008C05B2 /* Categories */ = {
			isa = PBXGroup;
			children = (
				E5055BCA1E1E1410008C05B2 /* UIImage+Overlay.h */,
				E5055BCB1E1E1410008C05B2 /* UIImage+Overlay.m */,
			);
			path = Categories;
			sourceTree = "<group>";
		};
		E57BCF931E217EB2004BD060 /* Objects */ = {
			isa = PBXGroup;
			children = (
				E57BCFC11E2246B4004BD060 /* BaseDataObject.h */,
				E57BCFC21E2246B4004BD060 /* BaseDataObject.m */,
				E57BCFC41E2246FB004BD060 /* VTRTopic.h */,
				E57BCFC51E2246FB004BD060 /* VTRTopic.m */,
			);
			path = Objects;
			sourceTree = "<group>";
		};
		E57BCF941E217EBE004BD060 /* Categories */ = {
			isa = PBXGroup;
			children = (
				E57BCF951E217ECE004BD060 /* DataManager+Analytics.h */,
				E57BCF961E217ECE004BD060 /* DataManager+Analytics.m */,
			);
			path = Categories;
			sourceTree = "<group>";
		};
		E58FD9401E1D358C0063BF12 /* BaseViewControllers */ = {
			isa = PBXGroup;
			children = (
				E5055BBD1E1E13AE008C05B2 /* BaseTableViewController.h */,
				E5055BBE1E1E13AE008C05B2 /* BaseTableViewController.m */,
				E57BCFBB1E224249004BD060 /* BaseCollectionViewController.h */,
				E57BCFBC1E224249004BD060 /* BaseCollectionViewController.m */,
				E5055BBF1E1E13AE008C05B2 /* BaseViewController.h */,
				E5055BC01E1E13AE008C05B2 /* BaseViewController.m */,
				E5055BC11E1E13AE008C05B2 /* BaseTabBarController.h */,
				E5055BC21E1E13AE008C05B2 /* BaseTabBarController.m */,
				E5055BC31E1E13AE008C05B2 /* BaseTableViewCell.h */,
				E5055BC41E1E13AE008C05B2 /* BaseTableViewCell.m */,
				E57BCFC71E224D0D004BD060 /* BaseCollectionViewCell.h */,
				E57BCFC81E224D0D004BD060 /* BaseCollectionViewCell.m */,
			);
			path = BaseViewControllers;
			sourceTree = "<group>";
		};
		E58FD9411E1D358C0063BF12 /* DataManager */ = {
			isa = PBXGroup;
			children = (
				E5ACC22E1E1FBCA400C52183 /* DataManager.h */,
				E5ACC22F1E1FBCA400C52183 /* DataManager.m */,
				E5819CC91E2261A700337D38 /* DataManager+User.h */,
				E5819CCA1E2261A700337D38 /* DataManager+User.m */,
				E57BCFB81E223B09004BD060 /* DataManager+Topics.h */,
				E57BCFB91E223B09004BD060 /* DataManager+Topics.m */,
				E57BCF941E217EBE004BD060 /* Categories */,
				E57BCF931E217EB2004BD060 /* Objects */,
			);
			path = DataManager;
			sourceTree = "<group>";
		};
		E58FD9421E1D358C0063BF12 /* ViewControllers */ = {
			isa = PBXGroup;
			children = (
				E5ACC2331E1FC12900C52183 /* Auth */,
			);
			path = ViewControllers;
			sourceTree = "<group>";
		};
		E58FD9431E1D36520063BF12 /* Branding */ = {
			isa = PBXGroup;
			children = (
				E5055BA71E1E128A008C05B2 /* Branding.h */,
				E5055BA81E1E128A008C05B2 /* Branding.m */,
				E5055BAA1E1E1295008C05B2 /* Objects */,
			);
			path = Branding;
			sourceTree = "<group>";
		};
		E5ACC2331E1FC12900C52183 /* Auth */ = {
			isa = PBXGroup;
			children = (
				E5538F411E205918008EDBEA /* AuthLandingViewController.h */,
				E5538F421E205918008EDBEA /* AuthLandingViewController.m */,
				E57BCFBE1E224648004BD060 /* AuthTopicViewController.h */,
				E57BCFBF1E224648004BD060 /* AuthTopicViewController.m */,
			);
			path = Auth;
			sourceTree = "<group>";
		};
/* End PBXGroup section */

/* Begin PBXNativeTarget section */
		B3D578E81D864E0A001845C7 /* Votr */ = {
			isa = PBXNativeTarget;
			buildConfigurationList = B3D579031D864E0B001845C7 /* Build configuration list for PBXNativeTarget "Votr" */;
			buildPhases = (
				7ED6612FFC33DA264FBA72C3 /* [CP] Check Pods Manifest.lock */,
				B3D578E51D864E0A001845C7 /* Sources */,
				B3D578E61D864E0A001845C7 /* Frameworks */,
				B3D578E71D864E0A001845C7 /* Resources */,
				B8A44F5A982349612D0488E6 /* [CP] Embed Pods Frameworks */,
				4884986C935CE3CE4615572C /* [CP] Copy Pods Resources */,
			);
			buildRules = (
			);
			dependencies = (
			);
			name = Votr;
			productName = Votr;
			productReference = B3D578E91D864E0B001845C7 /* Votr.app */;
			productType = "com.apple.product-type.application";
		};
/* End PBXNativeTarget section */

/* Begin PBXProject section */
		B3D578E11D864E0A001845C7 /* Project object */ = {
			isa = PBXProject;
			attributes = {
				LastUpgradeCheck = 0800;
				ORGANIZATIONNAME = "DEDStop LLC";
				TargetAttributes = {
					B3D578E81D864E0A001845C7 = {
						CreatedOnToolsVersion = 8.0;
						DevelopmentTeam = WX5R49E5T2;
						ProvisioningStyle = Manual;
						SystemCapabilities = {
							com.apple.GameCenter = {
								enabled = 0;
							};
							com.apple.Keychain = {
								enabled = 1;
							};
						};
					};
				};
			};
			buildConfigurationList = B3D578E41D864E0A001845C7 /* Build configuration list for PBXProject "Votr" */;
			compatibilityVersion = "Xcode 3.2";
			developmentRegion = English;
			hasScannedForEncodings = 0;
			knownRegions = (
				en,
				Base,
			);
			mainGroup = B3D578E01D864E0A001845C7;
			productRefGroup = B3D578EA1D864E0B001845C7 /* Products */;
			projectDirPath = "";
			projectRoot = "";
			targets = (
				B3D578E81D864E0A001845C7 /* Votr */,
			);
		};
/* End PBXProject section */

/* Begin PBXResourcesBuildPhase section */
		B3D578E71D864E0A001845C7 /* Resources */ = {
			isa = PBXResourcesBuildPhase;
			buildActionMask = 2147483647;
			files = (
				B3D578FF1D864E0B001845C7 /* LaunchScreen.storyboard in Resources */,
				B3D578FC1D864E0B001845C7 /* Assets.xcassets in Resources */,
				E5055BA61E1E1280008C05B2 /* Branding.plist in Resources */,
				B3D578F71D864E0B001845C7 /* Main.storyboard in Resources */,
				E5ACC2321E1FBDE900C52183 /* Auth.storyboard in Resources */,
				E5ACC22D1E1FBA2E00C52183 /* GoogleService-Info.plist in Resources */,
			);
			runOnlyForDeploymentPostprocessing = 0;
		};
/* End PBXResourcesBuildPhase section */

/* Begin PBXShellScriptBuildPhase section */
		4884986C935CE3CE4615572C /* [CP] Copy Pods Resources */ = {
			isa = PBXShellScriptBuildPhase;
			buildActionMask = 2147483647;
			files = (
			);
			inputPaths = (
			);
			name = "[CP] Copy Pods Resources";
			outputPaths = (
			);
			runOnlyForDeploymentPostprocessing = 0;
			shellPath = /bin/sh;
			shellScript = "\"${SRCROOT}/Pods/Target Support Files/Pods-Votr/Pods-Votr-resources.sh\"\n";
			showEnvVarsInLog = 0;
		};
		7ED6612FFC33DA264FBA72C3 /* [CP] Check Pods Manifest.lock */ = {
			isa = PBXShellScriptBuildPhase;
			buildActionMask = 2147483647;
			files = (
			);
			inputPaths = (
			);
			name = "[CP] Check Pods Manifest.lock";
			outputPaths = (
			);
			runOnlyForDeploymentPostprocessing = 0;
			shellPath = /bin/sh;
			shellScript = "diff \"${PODS_ROOT}/../Podfile.lock\" \"${PODS_ROOT}/Manifest.lock\" > /dev/null\nif [ $? != 0 ] ; then\n    # print error to STDERR\n    echo \"error: The sandbox is not in sync with the Podfile.lock. Run 'pod install' or update your CocoaPods installation.\" >&2\n    exit 1\nfi\n";
			showEnvVarsInLog = 0;
		};
		B8A44F5A982349612D0488E6 /* [CP] Embed Pods Frameworks */ = {
			isa = PBXShellScriptBuildPhase;
			buildActionMask = 2147483647;
			files = (
			);
			inputPaths = (
			);
			name = "[CP] Embed Pods Frameworks";
			outputPaths = (
			);
			runOnlyForDeploymentPostprocessing = 0;
			shellPath = /bin/sh;
			shellScript = "\"${SRCROOT}/Pods/Target Support Files/Pods-Votr/Pods-Votr-frameworks.sh\"\n";
			showEnvVarsInLog = 0;
		};
/* End PBXShellScriptBuildPhase section */

/* Begin PBXSourcesBuildPhase section */
		B3D578E51D864E0A001845C7 /* Sources */ = {
			isa = PBXSourcesBuildPhase;
			buildActionMask = 2147483647;
			files = (
				E57BCFC61E2246FB004BD060 /* VTRTopic.m in Sources */,
				E5055BB81E1E12B7008C05B2 /* BRButton.m in Sources */,
				B3D578F11D864E0B001845C7 /* AppDelegate.m in Sources */,
				E5055BC61E1E13AE008C05B2 /* BaseViewController.m in Sources */,
				E57BCFC31E2246B4004BD060 /* BaseDataObject.m in Sources */,
				E5055BBC1E1E12B7008C05B2 /* BRView.m in Sources */,
				E5055BCC1E1E1410008C05B2 /* UIImage+Overlay.m in Sources */,
				E5819CD11E229D5300337D38 /* UIView+constraints.m in Sources */,
				E5055BC71E1E13AE008C05B2 /* BaseTabBarController.m in Sources */,
				E57BCFC01E224648004BD060 /* AuthTopicViewController.m in Sources */,
				E5055BB91E1E12B7008C05B2 /* BRImageView.m in Sources */,
				E5819CCB1E2261A700337D38 /* DataManager+User.m in Sources */,
				E5055BC51E1E13AE008C05B2 /* BaseTableViewController.m in Sources */,
				E5538F431E205918008EDBEA /* AuthLandingViewController.m in Sources */,
				E5819CCE1E229B7C00337D38 /* BRSelectionImageView.m in Sources */,
				E5055BA91E1E128A008C05B2 /* Branding.m in Sources */,
				E57BCFBD1E224249004BD060 /* BaseCollectionViewController.m in Sources */,
				E5055BC81E1E13AE008C05B2 /* BaseTableViewCell.m in Sources */,
				E5CDC4F01E214F1C00287719 /* BRAlertView.m in Sources */,
				E5055BBA1E1E12B7008C05B2 /* BRLabel.m in Sources */,
				E57BCFBA1E223B09004BD060 /* DataManager+Topics.m in Sources */,
				E5055BBB1E1E12B7008C05B2 /* BRTextField.m in Sources */,
				B3D578EE1D864E0B001845C7 /* main.m in Sources */,
				E5ACC2301E1FBCA400C52183 /* DataManager.m in Sources */,
				E57BCF971E217ECE004BD060 /* DataManager+Analytics.m in Sources */,
				E5055BCF1E1E1639008C05B2 /* BRGradientView.m in Sources */,
				E57BCFC91E224D0D004BD060 /* BaseCollectionViewCell.m in Sources */,
				E5055BB71E1E12B7008C05B2 /* BRBaseXibView.m in Sources */,
			);
			runOnlyForDeploymentPostprocessing = 0;
		};
/* End PBXSourcesBuildPhase section */

/* Begin PBXVariantGroup section */
		B3D578F51D864E0B001845C7 /* Main.storyboard */ = {
			isa = PBXVariantGroup;
			children = (
				B3D578F61D864E0B001845C7 /* Base */,
			);
			name = Main.storyboard;
			sourceTree = "<group>";
		};
		B3D578FD1D864E0B001845C7 /* LaunchScreen.storyboard */ = {
			isa = PBXVariantGroup;
			children = (
				B3D578FE1D864E0B001845C7 /* Base */,
			);
			name = LaunchScreen.storyboard;
			sourceTree = "<group>";
		};
/* End PBXVariantGroup section */

/* Begin XCBuildConfiguration section */
		B3D579011D864E0B001845C7 /* Debug */ = {
			isa = XCBuildConfiguration;
			buildSettings = {
				ALWAYS_SEARCH_USER_PATHS = NO;
				CLANG_ANALYZER_NONNULL = YES;
				CLANG_CXX_LANGUAGE_STANDARD = "gnu++0x";
				CLANG_CXX_LIBRARY = "libc++";
				CLANG_ENABLE_MODULES = YES;
				CLANG_ENABLE_OBJC_ARC = YES;
				CLANG_WARN_BOOL_CONVERSION = YES;
				CLANG_WARN_CONSTANT_CONVERSION = YES;
				CLANG_WARN_DIRECT_OBJC_ISA_USAGE = YES_ERROR;
				CLANG_WARN_DOCUMENTATION_COMMENTS = YES;
				CLANG_WARN_EMPTY_BODY = YES;
				CLANG_WARN_ENUM_CONVERSION = YES;
				CLANG_WARN_INFINITE_RECURSION = YES;
				CLANG_WARN_INT_CONVERSION = YES;
				CLANG_WARN_OBJC_ROOT_CLASS = YES_ERROR;
				CLANG_WARN_SUSPICIOUS_MOVES = YES;
				CLANG_WARN_UNREACHABLE_CODE = YES;
				CLANG_WARN__DUPLICATE_METHOD_MATCH = YES;
				"CODE_SIGN_IDENTITY[sdk=iphoneos*]" = "iPhone Developer";
				COPY_PHASE_STRIP = NO;
				DEBUG_INFORMATION_FORMAT = dwarf;
				ENABLE_STRICT_OBJC_MSGSEND = YES;
				ENABLE_TESTABILITY = YES;
				GCC_C_LANGUAGE_STANDARD = gnu99;
				GCC_DYNAMIC_NO_PIC = NO;
				GCC_NO_COMMON_BLOCKS = YES;
				GCC_OPTIMIZATION_LEVEL = 0;
				GCC_PREPROCESSOR_DEFINITIONS = (
					"DEBUG=1",
					"$(inherited)",
				);
				GCC_WARN_64_TO_32_BIT_CONVERSION = YES;
				GCC_WARN_ABOUT_RETURN_TYPE = YES_ERROR;
				GCC_WARN_UNDECLARED_SELECTOR = YES;
				GCC_WARN_UNINITIALIZED_AUTOS = YES_AGGRESSIVE;
				GCC_WARN_UNUSED_FUNCTION = YES;
				GCC_WARN_UNUSED_VARIABLE = YES;
				IPHONEOS_DEPLOYMENT_TARGET = 10.0;
				MTL_ENABLE_DEBUG_INFO = YES;
				ONLY_ACTIVE_ARCH = YES;
				SDKROOT = iphoneos;
				TARGETED_DEVICE_FAMILY = "1,2";
			};
			name = Debug;
		};
		B3D579021D864E0B001845C7 /* Release */ = {
			isa = XCBuildConfiguration;
			buildSettings = {
				ALWAYS_SEARCH_USER_PATHS = NO;
				CLANG_ANALYZER_NONNULL = YES;
				CLANG_CXX_LANGUAGE_STANDARD = "gnu++0x";
				CLANG_CXX_LIBRARY = "libc++";
				CLANG_ENABLE_MODULES = YES;
				CLANG_ENABLE_OBJC_ARC = YES;
				CLANG_WARN_BOOL_CONVERSION = YES;
				CLANG_WARN_CONSTANT_CONVERSION = YES;
				CLANG_WARN_DIRECT_OBJC_ISA_USAGE = YES_ERROR;
				CLANG_WARN_DOCUMENTATION_COMMENTS = YES;
				CLANG_WARN_EMPTY_BODY = YES;
				CLANG_WARN_ENUM_CONVERSION = YES;
				CLANG_WARN_INFINITE_RECURSION = YES;
				CLANG_WARN_INT_CONVERSION = YES;
				CLANG_WARN_OBJC_ROOT_CLASS = YES_ERROR;
				CLANG_WARN_SUSPICIOUS_MOVES = YES;
				CLANG_WARN_UNREACHABLE_CODE = YES;
				CLANG_WARN__DUPLICATE_METHOD_MATCH = YES;
				"CODE_SIGN_IDENTITY[sdk=iphoneos*]" = "iPhone Developer";
				COPY_PHASE_STRIP = NO;
				DEBUG_INFORMATION_FORMAT = "dwarf-with-dsym";
				ENABLE_NS_ASSERTIONS = NO;
				ENABLE_STRICT_OBJC_MSGSEND = YES;
				GCC_C_LANGUAGE_STANDARD = gnu99;
				GCC_NO_COMMON_BLOCKS = YES;
				GCC_WARN_64_TO_32_BIT_CONVERSION = YES;
				GCC_WARN_ABOUT_RETURN_TYPE = YES_ERROR;
				GCC_WARN_UNDECLARED_SELECTOR = YES;
				GCC_WARN_UNINITIALIZED_AUTOS = YES_AGGRESSIVE;
				GCC_WARN_UNUSED_FUNCTION = YES;
				GCC_WARN_UNUSED_VARIABLE = YES;
				IPHONEOS_DEPLOYMENT_TARGET = 10.0;
				MTL_ENABLE_DEBUG_INFO = NO;
				SDKROOT = iphoneos;
				TARGETED_DEVICE_FAMILY = "1,2";
				VALIDATE_PRODUCT = YES;
			};
			name = Release;
		};
		B3D579041D864E0B001845C7 /* Debug */ = {
			isa = XCBuildConfiguration;
			baseConfigurationReference = 991458384AE456F4C069FEBD /* Pods-Votr.debug.xcconfig */;
			buildSettings = {
				ASSETCATALOG_COMPILER_APPICON_NAME = AppIcon;
				CODE_SIGN_ENTITLEMENTS = Votr/Votr.entitlements;
				CODE_SIGN_IDENTITY = "";
				"CODE_SIGN_IDENTITY[sdk=iphoneos*]" = "iPhone Developer";
				DEVELOPMENT_TEAM = "";
				ENABLE_BITCODE = NO;
				FRAMEWORK_SEARCH_PATHS = (
					"$(inherited)",
					"$(PROJECT_DIR)/Votr/Frameworks",
				);
				GCC_NO_COMMON_BLOCKS = NO;
				GCC_PRECOMPILE_PREFIX_HEADER = YES;
				GCC_PREFIX_HEADER = "Votr/Votr-PrefixHeader.pch";
				INFOPLIST_FILE = Votr/Info.plist;
				IPHONEOS_DEPLOYMENT_TARGET = 10.1;
				LD_RUNPATH_SEARCH_PATHS = "$(inherited) @executable_path/Frameworks";
				OTHER_LDFLAGS = (
					"-ObjC",
					"$(inherited)",
				);
				PRODUCT_BUNDLE_IDENTIFIER = com.kevin.votr;
				PRODUCT_NAME = "$(TARGET_NAME)";
				PROVISIONING_PROFILE = "";
				PROVISIONING_PROFILE_SPECIFIER = "";
			};
			name = Debug;
		};
		B3D579051D864E0B001845C7 /* Release */ = {
			isa = XCBuildConfiguration;
			baseConfigurationReference = ED4E2D69E8FBC17E2B4FEDB6 /* Pods-Votr.release.xcconfig */;
			buildSettings = {
				ASSETCATALOG_COMPILER_APPICON_NAME = AppIcon;
				CODE_SIGN_ENTITLEMENTS = Votr/Votr.entitlements;
				CODE_SIGN_IDENTITY = "";
				"CODE_SIGN_IDENTITY[sdk=iphoneos*]" = "iPhone Developer";
				DEVELOPMENT_TEAM = "";
				ENABLE_BITCODE = NO;
				FRAMEWORK_SEARCH_PATHS = (
					"$(inherited)",
					"$(PROJECT_DIR)/Votr/Frameworks",
				);
				GCC_NO_COMMON_BLOCKS = NO;
				GCC_PRECOMPILE_PREFIX_HEADER = YES;
				GCC_PREFIX_HEADER = "Votr/Votr-PrefixHeader.pch";
				INFOPLIST_FILE = Votr/Info.plist;
				IPHONEOS_DEPLOYMENT_TARGET = 10.1;
				LD_RUNPATH_SEARCH_PATHS = "$(inherited) @executable_path/Frameworks";
				OTHER_LDFLAGS = (
					"-ObjC",
					"$(inherited)",
				);
				PRODUCT_BUNDLE_IDENTIFIER = com.kevin.votr;
				PRODUCT_NAME = "$(TARGET_NAME)";
				PROVISIONING_PROFILE = "";
				PROVISIONING_PROFILE_SPECIFIER = "";
			};
			name = Release;
		};
/* End XCBuildConfiguration section */

/* Begin XCConfigurationList section */
		B3D578E41D864E0A001845C7 /* Build configuration list for PBXProject "Votr" */ = {
			isa = XCConfigurationList;
			buildConfigurations = (
				B3D579011D864E0B001845C7 /* Debug */,
				B3D579021D864E0B001845C7 /* Release */,
			);
			defaultConfigurationIsVisible = 0;
			defaultConfigurationName = Release;
		};
		B3D579031D864E0B001845C7 /* Build configuration list for PBXNativeTarget "Votr" */ = {
			isa = XCConfigurationList;
			buildConfigurations = (
				B3D579041D864E0B001845C7 /* Debug */,
				B3D579051D864E0B001845C7 /* Release */,
			);
			defaultConfigurationIsVisible = 0;
			defaultConfigurationName = Release;
		};
/* End XCConfigurationList section */
	};
	rootObject = B3D578E11D864E0A001845C7 /* Project object */;
}
